{
  "version": 4,
  "terraform_version": "1.7.1",
  "serial": 5,
  "lineage": "44081779-01cf-050c-d6de-5f155aaad46c",
  "outputs": {},
  "resources": [
    {
      "mode": "managed",
      "type": "aws_vpc",
      "name": "example",
      "provider": "provider[\"registry.terraform.io/hashicorp/aws\"]",
      "instances": [
        {
          "schema_version": 1,
          "attributes": {
            "arn": "arn:aws:ec2:ap-northeast-2:211125334956:vpc/vpc-085b53edb0b9adf2a",
            "assign_generated_ipv6_cidr_block": false,
            "cidr_block": "10.0.0.0/16",
            "default_network_acl_id": "acl-04f19b5190b6d627a",
            "default_route_table_id": "rtb-0ad6fbcd4409710b9",
            "default_security_group_id": "sg-0b1978cd061c0379b",
            "dhcp_options_id": "dopt-04c4d16d121d04ada",
            "enable_classiclink": false,
            "enable_classiclink_dns_support": false,
            "enable_dns_hostnames": false,
            "enable_dns_support": true,
            "enable_network_address_usage_metrics": false,
            "id": "vpc-085b53edb0b9adf2a",
            "instance_tenancy": "default",
            "ipv4_ipam_pool_id": null,
            "ipv4_netmask_length": null,
            "ipv6_association_id": "",
            "ipv6_cidr_block": "",
            "ipv6_cidr_block_network_border_group": "",
            "ipv6_ipam_pool_id": "",
            "ipv6_netmask_length": 0,
            "main_route_table_id": "rtb-0ad6fbcd4409710b9",
            "owner_id": "211125334956",
            "tags": {
              "Name": "example1"
            },
            "tags_all": {
              "Name": "example1"
            }
          },
          "sensitive_attributes": [],
          "private": "eyJzY2hlbWFfdmVyc2lvbiI6IjEifQ=="
        }
      ]
    }
  ],
  "check_results": null
}
